
Microsoft Visual Studio Solution File, Format Version 12.00
# Visual Studio 14
VisualStudioVersion = 14.0.24720.0
MinimumVisualStudioVersion = 10.0.40219.1
Project("{FAE04EC0-301F-11D3-BF4B-00C04F79EFBC}") = "Tehtava1", "Tehtava1\Tehtava1.csproj", "{BBFDB3F8-2232-4C51-A154-1DFFF2E75FE7}"
EndProject
Project("{FAE04EC0-301F-11D3-BF4B-00C04F79EFBC}") = "H1MediaPlayer", "Harjoitus1MediaPlayer\H1MediaPlayer.csproj", "{49EB960E-A3C1-4451-8BA8-2DA0901DE5A3}"
EndProject
Project("{FAE04EC0-301F-11D3-BF4B-00C04F79EFBC}") = "H3MittausData", "H3MittausData\H3MittausData.csproj", "{8E18F019-4FFD-4202-9C73-0EA0DAE3521B}"
EndProject
Project("{FAE04EC0-301F-11D3-BF4B-00C04F79EFBC}") = "H4KonsoliXML", "H4KonsoliXML\H4KonsoliXML.csproj", "{88115C88-9522-4B3B-BA3F-FECA395FBCCE}"
EndProject
Project("{FAE04EC0-301F-11D3-BF4B-00C04F79EFBC}") = "H4WpfXML", "H4WpfXML\H4WpfXML.csproj", "{8BCD0BB6-CBFB-43F8-A66E-C28278F2E000}"
EndProject
Project("{FAE04EC0-301F-11D3-BF4B-00C04F79EFBC}") = "H5MoviesXML", "H5MoviesXML\H5MoviesXML.csproj", "{F344DB93-54DF-4D86-9D01-C8C4FB9AA989}"
EndProject
Project("{FAE04EC0-301F-11D3-BF4B-00C04F79EFBC}") = "H6DataBindingX3", "H6DataBindingX3\H6DataBindingX3.csproj", "{8036D4A6-CE0B-4E4A-8153-CF884C6CC4B2}"
EndProject
Project("{FAE04EC0-301F-11D3-BF4B-00C04F79EFBC}") = "H7ADOConsoleDemo", "H7ADOConsoleDemo\H7ADOConsoleDemo.csproj", "{F495493A-FAA5-40B4-AEE4-2936175BBA93}"
EndProject
Project("{FAE04EC0-301F-11D3-BF4B-00C04F79EFBC}") = "H08ADODataTable", "H08ADODataTable\H08ADODataTable.csproj", "{E159D830-5E90-4696-8DC5-830F0B627D64}"
EndProject
Global
	GlobalSection(SolutionConfigurationPlatforms) = preSolution
		Debug|Any CPU = Debug|Any CPU
		Release|Any CPU = Release|Any CPU
	EndGlobalSection
	GlobalSection(ProjectConfigurationPlatforms) = postSolution
		{BBFDB3F8-2232-4C51-A154-1DFFF2E75FE7}.Debug|Any CPU.ActiveCfg = Debug|Any CPU
		{BBFDB3F8-2232-4C51-A154-1DFFF2E75FE7}.Debug|Any CPU.Build.0 = Debug|Any CPU
		{BBFDB3F8-2232-4C51-A154-1DFFF2E75FE7}.Release|Any CPU.ActiveCfg = Release|Any CPU
		{BBFDB3F8-2232-4C51-A154-1DFFF2E75FE7}.Release|Any CPU.Build.0 = Release|Any CPU
		{49EB960E-A3C1-4451-8BA8-2DA0901DE5A3}.Debug|Any CPU.ActiveCfg = Debug|Any CPU
		{49EB960E-A3C1-4451-8BA8-2DA0901DE5A3}.Debug|Any CPU.Build.0 = Debug|Any CPU
		{49EB960E-A3C1-4451-8BA8-2DA0901DE5A3}.Release|Any CPU.ActiveCfg = Release|Any CPU
		{49EB960E-A3C1-4451-8BA8-2DA0901DE5A3}.Release|Any CPU.Build.0 = Release|Any CPU
		{8E18F019-4FFD-4202-9C73-0EA0DAE3521B}.Debug|Any CPU.ActiveCfg = Debug|Any CPU
		{8E18F019-4FFD-4202-9C73-0EA0DAE3521B}.Debug|Any CPU.Build.0 = Debug|Any CPU
		{8E18F019-4FFD-4202-9C73-0EA0DAE3521B}.Release|Any CPU.ActiveCfg = Release|Any CPU
		{8E18F019-4FFD-4202-9C73-0EA0DAE3521B}.Release|Any CPU.Build.0 = Release|Any CPU
		{88115C88-9522-4B3B-BA3F-FECA395FBCCE}.Debug|Any CPU.ActiveCfg = Debug|Any CPU
		{88115C88-9522-4B3B-BA3F-FECA395FBCCE}.Debug|Any CPU.Build.0 = Debug|Any CPU
		{88115C88-9522-4B3B-BA3F-FECA395FBCCE}.Release|Any CPU.ActiveCfg = Release|Any CPU
		{88115C88-9522-4B3B-BA3F-FECA395FBCCE}.Release|Any CPU.Build.0 = Release|Any CPU
		{8BCD0BB6-CBFB-43F8-A66E-C28278F2E000}.Debug|Any CPU.ActiveCfg = Debug|Any CPU
		{8BCD0BB6-CBFB-43F8-A66E-C28278F2E000}.Debug|Any CPU.Build.0 = Debug|Any CPU
		{8BCD0BB6-CBFB-43F8-A66E-C28278F2E000}.Release|Any CPU.ActiveCfg = Release|Any CPU
		{8BCD0BB6-CBFB-43F8-A66E-C28278F2E000}.Release|Any CPU.Build.0 = Release|Any CPU
		{F344DB93-54DF-4D86-9D01-C8C4FB9AA989}.Debug|Any CPU.ActiveCfg = Debug|Any CPU
		{F344DB93-54DF-4D86-9D01-C8C4FB9AA989}.Debug|Any CPU.Build.0 = Debug|Any CPU
		{F344DB93-54DF-4D86-9D01-C8C4FB9AA989}.Release|Any CPU.ActiveCfg = Release|Any CPU
		{F344DB93-54DF-4D86-9D01-C8C4FB9AA989}.Release|Any CPU.Build.0 = Release|Any CPU
		{8036D4A6-CE0B-4E4A-8153-CF884C6CC4B2}.Debug|Any CPU.ActiveCfg = Debug|Any CPU
		{8036D4A6-CE0B-4E4A-8153-CF884C6CC4B2}.Debug|Any CPU.Build.0 = Debug|Any CPU
		{8036D4A6-CE0B-4E4A-8153-CF884C6CC4B2}.Release|Any CPU.ActiveCfg = Release|Any CPU
		{8036D4A6-CE0B-4E4A-8153-CF884C6CC4B2}.Release|Any CPU.Build.0 = Release|Any CPU
		{F495493A-FAA5-40B4-AEE4-2936175BBA93}.Debug|Any CPU.ActiveCfg = Debug|Any CPU
		{F495493A-FAA5-40B4-AEE4-2936175BBA93}.Debug|Any CPU.Build.0 = Debug|Any CPU
		{F495493A-FAA5-40B4-AEE4-2936175BBA93}.Release|Any CPU.ActiveCfg = Release|Any CPU
		{F495493A-FAA5-40B4-AEE4-2936175BBA93}.Release|Any CPU.Build.0 = Release|Any CPU
		{E159D830-5E90-4696-8DC5-830F0B627D64}.Debug|Any CPU.ActiveCfg = Debug|Any CPU
		{E159D830-5E90-4696-8DC5-830F0B627D64}.Debug|Any CPU.Build.0 = Debug|Any CPU
		{E159D830-5E90-4696-8DC5-830F0B627D64}.Release|Any CPU.ActiveCfg = Release|Any CPU
		{E159D830-5E90-4696-8DC5-830F0B627D64}.Release|Any CPU.Build.0 = Release|Any CPU
	EndGlobalSection
	GlobalSection(SolutionProperties) = preSolution
		HideSolutionNode = FALSE
	EndGlobalSection
EndGlobal
